
Microsoft Visual Studio Solution File, Format Version 11.00
# Visual Studio 2010
Project("{8BC9CEB8-8B4A-11D0-8D11-00A0C91BC942}") = "STLTesting2", "STLTesting2.vcxproj", "{E098BB30-F3AB-41A1-8DA3-03FFD36F120A}"
EndProject
Global
	GlobalSection(SolutionConfigurationPlatforms) = preSolution
		Debug|Win32 = Debug|Win32
		Release|Win32 = Release|Win32
	EndGlobalSection
	GlobalSection(ProjectConfigurationPlatforms) = postSolution
		{E098BB30-F3AB-41A1-8DA3-03FFD36F120A}.Debug|Win32.ActiveCfg = Debug|Win32
		{E098BB30-F3AB-41A1-8DA3-03FFD36F120A}.Debug|Win32.Build.0 = Debug|Win32
		{E098BB30-F3AB-41A1-8DA3-03FFD36F120A}.Release|Win32.ActiveCfg = Release|Win32
		{E098BB30-F3AB-41A1-8DA3-03FFD36F120A}.Release|Win32.Build.0 = Release|Win32
	EndGlobalSection
	GlobalSection(SolutionProperties) = preSolution
		HideSolutionNode = FALSE
	EndGlobalSection
EndGlobal
